// !$*UTF8*$!
{
	archiveVersion = 1;
	classes = {
	};
	objectVersion = 56;
	objects = {

/* Begin PBXBuildFile section */
		AC72464ED5692379C4DA7667 /* Pods_ToDoList.framework in Frameworks */ = {isa = PBXBuildFile; fileRef = 841261FA0C441B633D4521AF /* Pods_ToDoList.framework */; };
		B11CC66C2C3F093C00F2D02D /* CocoaLumberjack in Frameworks */ = {isa = PBXBuildFile; productRef = B11CC66B2C3F093C00F2D02D /* CocoaLumberjack */; };
		B11CC66E2C3F093C00F2D02D /* CocoaLumberjackSwift in Frameworks */ = {isa = PBXBuildFile; productRef = B11CC66D2C3F093C00F2D02D /* CocoaLumberjackSwift */; };
		B11CC6702C3F093C00F2D02D /* CocoaLumberjackSwiftLogBackend in Frameworks */ = {isa = PBXBuildFile; productRef = B11CC66F2C3F093C00F2D02D /* CocoaLumberjackSwiftLogBackend */; };
		B14F84CB2C2F57C2006E2EA9 /* TodoListConstants.swift in Sources */ = {isa = PBXBuildFile; fileRef = B14F84CA2C2F57C2006E2EA9 /* TodoListConstants.swift */; };
		B1675AEF2C2DFC9300464AAA /* TodoItem+Extensions.swift in Sources */ = {isa = PBXBuildFile; fileRef = B1675AEE2C2DFC9300464AAA /* TodoItem+Extensions.swift */; };
		B18BB03C2C2AFC470008F540 /* TodoCellView.swift in Sources */ = {isa = PBXBuildFile; fileRef = B18BB03B2C2AFC470008F540 /* TodoCellView.swift */; };
		B19757442C27FEA9000948AC /* TodoItemViewModel.swift in Sources */ = {isa = PBXBuildFile; fileRef = B19757432C27FEA9000948AC /* TodoItemViewModel.swift */; };
		B1C8BAA42C3C11A200A04250 /* CalendarWrappers.swift in Sources */ = {isa = PBXBuildFile; fileRef = B1C8BAA32C3C11A200A04250 /* CalendarWrappers.swift */; };
		B1C8BAA82C3C11DA00A04250 /* TodoCalendarViewModel.swift in Sources */ = {isa = PBXBuildFile; fileRef = B1C8BAA72C3C11DA00A04250 /* TodoCalendarViewModel.swift */; };
		B1C8BAAA2C3C122B00A04250 /* CollectionView.swift in Sources */ = {isa = PBXBuildFile; fileRef = B1C8BAA92C3C122B00A04250 /* CollectionView.swift */; };
		B1C8BAAC2C3C123500A04250 /* TableView.swift in Sources */ = {isa = PBXBuildFile; fileRef = B1C8BAAB2C3C123500A04250 /* TableView.swift */; };
		B1C8BAAE2C3C126D00A04250 /* TodoCalendar+Extension.swift in Sources */ = {isa = PBXBuildFile; fileRef = B1C8BAAD2C3C126D00A04250 /* TodoCalendar+Extension.swift */; };
		B1C8BAB32C3C136900A04250 /* ImportanceField.swift in Sources */ = {isa = PBXBuildFile; fileRef = B1C8BAB22C3C136900A04250 /* ImportanceField.swift */; };
		B1C8BAB52C3C137500A04250 /* CategoryField.swift in Sources */ = {isa = PBXBuildFile; fileRef = B1C8BAB42C3C137500A04250 /* CategoryField.swift */; };
		B1C8BAB72C3C138100A04250 /* ColorPicker.swift in Sources */ = {isa = PBXBuildFile; fileRef = B1C8BAB62C3C138100A04250 /* ColorPicker.swift */; };
		B1C8BAB92C3C13A400A04250 /* DeadlineField.swift in Sources */ = {isa = PBXBuildFile; fileRef = B1C8BAB82C3C13A400A04250 /* DeadlineField.swift */; };
		B1C8BABD2C3C1D3100A04250 /* TextField.swift in Sources */ = {isa = PBXBuildFile; fileRef = B1C8BABC2C3C1D3100A04250 /* TextField.swift */; };
		B1CE75EC2C3EBBE70011CA0C /* Logger.swift in Sources */ = {isa = PBXBuildFile; fileRef = B1CE75EB2C3EBBE70011CA0C /* Logger.swift */; };
		E24CE2522C2D4A9A00C28985 /* TodoItemView.swift in Sources */ = {isa = PBXBuildFile; fileRef = E24CE2512C2D4A9A00C28985 /* TodoItemView.swift */; };
		E24CE2542C2D4AE800C28985 /* TodoListView.swift in Sources */ = {isa = PBXBuildFile; fileRef = E24CE2532C2D4AE800C28985 /* TodoListView.swift */; };
		E24CE25D2C2D506200C28985 /* Colors.swift in Sources */ = {isa = PBXBuildFile; fileRef = E24CE25C2C2D506200C28985 /* Colors.swift */; };
		E24CE25F2C2D66EE00C28985 /* TodoListViewModel.swift in Sources */ = {isa = PBXBuildFile; fileRef = E24CE25E2C2D66EE00C28985 /* TodoListViewModel.swift */; };
		E24CE2612C2D69E900C28985 /* TestingData.swift in Sources */ = {isa = PBXBuildFile; fileRef = E24CE2602C2D69E900C28985 /* TestingData.swift */; };
		E24CE2632C2D74F700C28985 /* Images.swift in Sources */ = {isa = PBXBuildFile; fileRef = E24CE2622C2D74F700C28985 /* Images.swift */; };
		E2A1632F2C37D26B002C4C69 /* CellConfigurable.swift in Sources */ = {isa = PBXBuildFile; fileRef = E2A1632E2C37D26B002C4C69 /* CellConfigurable.swift */; };
		E2A163312C37D37D002C4C69 /* TodoCalendarTableViewCell.swift in Sources */ = {isa = PBXBuildFile; fileRef = E2A163302C37D37D002C4C69 /* TodoCalendarTableViewCell.swift */; };
		E2A4E4952C32BFDB005620F8 /* TodoCalendarCell.swift in Sources */ = {isa = PBXBuildFile; fileRef = E2A4E4942C32BFDB005620F8 /* TodoCalendarCell.swift */; };
		E2DCAE1D2C218FD300264A33 /* ToDoListApp.swift in Sources */ = {isa = PBXBuildFile; fileRef = E2DCAE1C2C218FD300264A33 /* ToDoListApp.swift */; };
		E2DCAE1F2C218FD300264A33 /* ContentView.swift in Sources */ = {isa = PBXBuildFile; fileRef = E2DCAE1E2C218FD300264A33 /* ContentView.swift */; };
		E2DCAE212C218FD500264A33 /* Assets.xcassets in Resources */ = {isa = PBXBuildFile; fileRef = E2DCAE202C218FD500264A33 /* Assets.xcassets */; };
		E2DCAE252C218FD500264A33 /* Preview Assets.xcassets in Resources */ = {isa = PBXBuildFile; fileRef = E2DCAE242C218FD500264A33 /* Preview Assets.xcassets */; };
		E2DCAE2F2C218FD600264A33 /* ToDoListTests.swift in Sources */ = {isa = PBXBuildFile; fileRef = E2DCAE2E2C218FD600264A33 /* ToDoListTests.swift */; };
		E2DCAE392C218FD600264A33 /* ToDoListUITests.swift in Sources */ = {isa = PBXBuildFile; fileRef = E2DCAE382C218FD600264A33 /* ToDoListUITests.swift */; };
		E2DCAE3B2C218FD600264A33 /* ToDoListUITestsLaunchTests.swift in Sources */ = {isa = PBXBuildFile; fileRef = E2DCAE3A2C218FD600264A33 /* ToDoListUITestsLaunchTests.swift */; };
		E2DCAE482C2194ED00264A33 /* FileCache.swift in Sources */ = {isa = PBXBuildFile; fileRef = E2DCAE472C2194ED00264A33 /* FileCache.swift */; };
		E2DCAE4A2C21950E00264A33 /* TodoItem.swift in Sources */ = {isa = PBXBuildFile; fileRef = E2DCAE492C21950E00264A33 /* TodoItem.swift */; };
		E2F720C32C3149AF007980B8 /* TodoCalendarViewController.swift in Sources */ = {isa = PBXBuildFile; fileRef = E2F720C22C3149AF007980B8 /* TodoCalendarViewController.swift */; };
		E2FF9B0D2C2E99390035CD69 /* Color+Extensions.swift in Sources */ = {isa = PBXBuildFile; fileRef = E2FF9B0C2C2E99390035CD69 /* Color+Extensions.swift */; };
		E2FF9B0F2C2E9C2F0035CD69 /* TodoItemViewConstants.swift in Sources */ = {isa = PBXBuildFile; fileRef = E2FF9B0E2C2E9C2F0035CD69 /* TodoItemViewConstants.swift */; };
/* End PBXBuildFile section */

/* Begin PBXContainerItemProxy section */
		E2DCAE2B2C218FD600264A33 /* PBXContainerItemProxy */ = {
			isa = PBXContainerItemProxy;
			containerPortal = E2DCAE112C218FD300264A33 /* Project object */;
			proxyType = 1;
			remoteGlobalIDString = E2DCAE182C218FD300264A33;
			remoteInfo = ToDoList;
		};
		E2DCAE352C218FD600264A33 /* PBXContainerItemProxy */ = {
			isa = PBXContainerItemProxy;
			containerPortal = E2DCAE112C218FD300264A33 /* Project object */;
			proxyType = 1;
			remoteGlobalIDString = E2DCAE182C218FD300264A33;
			remoteInfo = ToDoList;
		};
/* End PBXContainerItemProxy section */

/* Begin PBXFileReference section */
		841261FA0C441B633D4521AF /* Pods_ToDoList.framework */ = {isa = PBXFileReference; explicitFileType = wrapper.framework; includeInIndex = 0; path = Pods_ToDoList.framework; sourceTree = BUILT_PRODUCTS_DIR; };
		89ADC821C7C64E7EF8B7E04E /* Pods-ToDoList.release.xcconfig */ = {isa = PBXFileReference; includeInIndex = 1; lastKnownFileType = text.xcconfig; name = "Pods-ToDoList.release.xcconfig"; path = "Target Support Files/Pods-ToDoList/Pods-ToDoList.release.xcconfig"; sourceTree = "<group>"; };
		B14F84CA2C2F57C2006E2EA9 /* TodoListConstants.swift */ = {isa = PBXFileReference; lastKnownFileType = sourcecode.swift; path = TodoListConstants.swift; sourceTree = "<group>"; };
		B1675AEE2C2DFC9300464AAA /* TodoItem+Extensions.swift */ = {isa = PBXFileReference; lastKnownFileType = sourcecode.swift; path = "TodoItem+Extensions.swift"; sourceTree = "<group>"; };
		B18BB03B2C2AFC470008F540 /* TodoCellView.swift */ = {isa = PBXFileReference; lastKnownFileType = sourcecode.swift; path = TodoCellView.swift; sourceTree = "<group>"; };
		B19757432C27FEA9000948AC /* TodoItemViewModel.swift */ = {isa = PBXFileReference; lastKnownFileType = sourcecode.swift; path = TodoItemViewModel.swift; sourceTree = "<group>"; };
		B1C8BAA32C3C11A200A04250 /* CalendarWrappers.swift */ = {isa = PBXFileReference; lastKnownFileType = sourcecode.swift; path = CalendarWrappers.swift; sourceTree = "<group>"; };
		B1C8BAA72C3C11DA00A04250 /* TodoCalendarViewModel.swift */ = {isa = PBXFileReference; lastKnownFileType = sourcecode.swift; path = TodoCalendarViewModel.swift; sourceTree = "<group>"; };
		B1C8BAA92C3C122B00A04250 /* CollectionView.swift */ = {isa = PBXFileReference; lastKnownFileType = sourcecode.swift; path = CollectionView.swift; sourceTree = "<group>"; };
		B1C8BAAB2C3C123500A04250 /* TableView.swift */ = {isa = PBXFileReference; lastKnownFileType = sourcecode.swift; path = TableView.swift; sourceTree = "<group>"; };
		B1C8BAAD2C3C126D00A04250 /* TodoCalendar+Extension.swift */ = {isa = PBXFileReference; lastKnownFileType = sourcecode.swift; path = "TodoCalendar+Extension.swift"; sourceTree = "<group>"; };
		B1C8BAB22C3C136900A04250 /* ImportanceField.swift */ = {isa = PBXFileReference; lastKnownFileType = sourcecode.swift; path = ImportanceField.swift; sourceTree = "<group>"; };
		B1C8BAB42C3C137500A04250 /* CategoryField.swift */ = {isa = PBXFileReference; lastKnownFileType = sourcecode.swift; path = CategoryField.swift; sourceTree = "<group>"; };
		B1C8BAB62C3C138100A04250 /* ColorPicker.swift */ = {isa = PBXFileReference; lastKnownFileType = sourcecode.swift; path = ColorPicker.swift; sourceTree = "<group>"; };
		B1C8BAB82C3C13A400A04250 /* DeadlineField.swift */ = {isa = PBXFileReference; lastKnownFileType = sourcecode.swift; path = DeadlineField.swift; sourceTree = "<group>"; };
		B1C8BABC2C3C1D3100A04250 /* TextField.swift */ = {isa = PBXFileReference; lastKnownFileType = sourcecode.swift; path = TextField.swift; sourceTree = "<group>"; };
		B1CE75EB2C3EBBE70011CA0C /* Logger.swift */ = {isa = PBXFileReference; lastKnownFileType = sourcecode.swift; path = Logger.swift; sourceTree = "<group>"; };
		E0000F73907F6182ADC977A2 /* Pods-ToDoList.debug.xcconfig */ = {isa = PBXFileReference; includeInIndex = 1; lastKnownFileType = text.xcconfig; name = "Pods-ToDoList.debug.xcconfig"; path = "Target Support Files/Pods-ToDoList/Pods-ToDoList.debug.xcconfig"; sourceTree = "<group>"; };
		E24CE2512C2D4A9A00C28985 /* TodoItemView.swift */ = {isa = PBXFileReference; lastKnownFileType = sourcecode.swift; path = TodoItemView.swift; sourceTree = "<group>"; };
		E24CE2532C2D4AE800C28985 /* TodoListView.swift */ = {isa = PBXFileReference; lastKnownFileType = sourcecode.swift; path = TodoListView.swift; sourceTree = "<group>"; };
		E24CE25C2C2D506200C28985 /* Colors.swift */ = {isa = PBXFileReference; lastKnownFileType = sourcecode.swift; name = Colors.swift; path = ToDoList/Constants/Colors.swift; sourceTree = SOURCE_ROOT; };
		E24CE25E2C2D66EE00C28985 /* TodoListViewModel.swift */ = {isa = PBXFileReference; lastKnownFileType = sourcecode.swift; path = TodoListViewModel.swift; sourceTree = "<group>"; };
		E24CE2602C2D69E900C28985 /* TestingData.swift */ = {isa = PBXFileReference; lastKnownFileType = sourcecode.swift; path = TestingData.swift; sourceTree = "<group>"; };
		E24CE2622C2D74F700C28985 /* Images.swift */ = {isa = PBXFileReference; lastKnownFileType = sourcecode.swift; path = Images.swift; sourceTree = "<group>"; };
		E2A1632E2C37D26B002C4C69 /* CellConfigurable.swift */ = {isa = PBXFileReference; lastKnownFileType = sourcecode.swift; path = CellConfigurable.swift; sourceTree = "<group>"; };
		E2A163302C37D37D002C4C69 /* TodoCalendarTableViewCell.swift */ = {isa = PBXFileReference; lastKnownFileType = sourcecode.swift; path = TodoCalendarTableViewCell.swift; sourceTree = "<group>"; };
		E2A4E4942C32BFDB005620F8 /* TodoCalendarCell.swift */ = {isa = PBXFileReference; lastKnownFileType = sourcecode.swift; path = TodoCalendarCell.swift; sourceTree = "<group>"; };
		E2DCAE192C218FD300264A33 /* ToDoList.app */ = {isa = PBXFileReference; explicitFileType = wrapper.application; includeInIndex = 0; path = ToDoList.app; sourceTree = BUILT_PRODUCTS_DIR; };
		E2DCAE1C2C218FD300264A33 /* ToDoListApp.swift */ = {isa = PBXFileReference; lastKnownFileType = sourcecode.swift; path = ToDoListApp.swift; sourceTree = "<group>"; };
		E2DCAE1E2C218FD300264A33 /* ContentView.swift */ = {isa = PBXFileReference; lastKnownFileType = sourcecode.swift; path = ContentView.swift; sourceTree = "<group>"; };
		E2DCAE202C218FD500264A33 /* Assets.xcassets */ = {isa = PBXFileReference; lastKnownFileType = folder.assetcatalog; path = Assets.xcassets; sourceTree = "<group>"; };
		E2DCAE222C218FD500264A33 /* ToDoList.entitlements */ = {isa = PBXFileReference; lastKnownFileType = text.plist.entitlements; path = ToDoList.entitlements; sourceTree = "<group>"; };
		E2DCAE242C218FD500264A33 /* Preview Assets.xcassets */ = {isa = PBXFileReference; lastKnownFileType = folder.assetcatalog; path = "Preview Assets.xcassets"; sourceTree = "<group>"; };
		E2DCAE2A2C218FD600264A33 /* ToDoListTests.xctest */ = {isa = PBXFileReference; explicitFileType = wrapper.cfbundle; includeInIndex = 0; path = ToDoListTests.xctest; sourceTree = BUILT_PRODUCTS_DIR; };
		E2DCAE2E2C218FD600264A33 /* ToDoListTests.swift */ = {isa = PBXFileReference; lastKnownFileType = sourcecode.swift; path = ToDoListTests.swift; sourceTree = "<group>"; };
		E2DCAE342C218FD600264A33 /* ToDoListUITests.xctest */ = {isa = PBXFileReference; explicitFileType = wrapper.cfbundle; includeInIndex = 0; path = ToDoListUITests.xctest; sourceTree = BUILT_PRODUCTS_DIR; };
		E2DCAE382C218FD600264A33 /* ToDoListUITests.swift */ = {isa = PBXFileReference; lastKnownFileType = sourcecode.swift; path = ToDoListUITests.swift; sourceTree = "<group>"; };
		E2DCAE3A2C218FD600264A33 /* ToDoListUITestsLaunchTests.swift */ = {isa = PBXFileReference; lastKnownFileType = sourcecode.swift; path = ToDoListUITestsLaunchTests.swift; sourceTree = "<group>"; };
		E2DCAE472C2194ED00264A33 /* FileCache.swift */ = {isa = PBXFileReference; lastKnownFileType = sourcecode.swift; path = FileCache.swift; sourceTree = "<group>"; };
		E2DCAE492C21950E00264A33 /* TodoItem.swift */ = {isa = PBXFileReference; lastKnownFileType = sourcecode.swift; path = TodoItem.swift; sourceTree = "<group>"; };
		E2F720C22C3149AF007980B8 /* TodoCalendarViewController.swift */ = {isa = PBXFileReference; lastKnownFileType = sourcecode.swift; path = TodoCalendarViewController.swift; sourceTree = "<group>"; };
		E2FF9B0C2C2E99390035CD69 /* Color+Extensions.swift */ = {isa = PBXFileReference; lastKnownFileType = sourcecode.swift; path = "Color+Extensions.swift"; sourceTree = "<group>"; };
		E2FF9B0E2C2E9C2F0035CD69 /* TodoItemViewConstants.swift */ = {isa = PBXFileReference; lastKnownFileType = sourcecode.swift; path = TodoItemViewConstants.swift; sourceTree = "<group>"; };
/* End PBXFileReference section */

/* Begin PBXFrameworksBuildPhase section */
		E2DCAE162C218FD300264A33 /* Frameworks */ = {
			isa = PBXFrameworksBuildPhase;
			buildActionMask = 2147483647;
			files = (
				B11CC66C2C3F093C00F2D02D /* CocoaLumberjack in Frameworks */,
				AC72464ED5692379C4DA7667 /* Pods_ToDoList.framework in Frameworks */,
				B11CC6702C3F093C00F2D02D /* CocoaLumberjackSwiftLogBackend in Frameworks */,
				B11CC66E2C3F093C00F2D02D /* CocoaLumberjackSwift in Frameworks */,
			);
			runOnlyForDeploymentPostprocessing = 0;
		};
		E2DCAE272C218FD600264A33 /* Frameworks */ = {
			isa = PBXFrameworksBuildPhase;
			buildActionMask = 2147483647;
			files = (
			);
			runOnlyForDeploymentPostprocessing = 0;
		};
		E2DCAE312C218FD600264A33 /* Frameworks */ = {
			isa = PBXFrameworksBuildPhase;
			buildActionMask = 2147483647;
			files = (
			);
			runOnlyForDeploymentPostprocessing = 0;
		};
/* End PBXFrameworksBuildPhase section */

/* Begin PBXGroup section */
		68FADD7ED3D2CE0D720FB6D9 /* Frameworks */ = {
			isa = PBXGroup;
			children = (
				841261FA0C441B633D4521AF /* Pods_ToDoList.framework */,
			);
			name = Frameworks;
			sourceTree = "<group>";
		};
		B104C2FC2C387638009E120D /* TodoCalendar */ = {
			isa = PBXGroup;
			children = (
				B1C8BAA62C3C11BD00A04250 /* ViewModel */,
				B1C8BAA52C3C11B100A04250 /* Extensions */,
				E2F720C22C3149AF007980B8 /* TodoCalendarViewController.swift */,
				E2A4E4942C32BFDB005620F8 /* TodoCalendarCell.swift */,
				E2A1632E2C37D26B002C4C69 /* CellConfigurable.swift */,
				E2A163302C37D37D002C4C69 /* TodoCalendarTableViewCell.swift */,
				B1C8BAA32C3C11A200A04250 /* CalendarWrappers.swift */,
			);
			path = TodoCalendar;
			sourceTree = "<group>";
		};
		B1675AEB2C2DEAB100464AAA /* TodoList */ = {
			isa = PBXGroup;
			children = (
				B1C8BABB2C3C13FA00A04250 /* ViewModel */,
				B1C8BABA2C3C13EE00A04250 /* View */,
			);
			path = TodoList;
			sourceTree = "<group>";
		};
		B1675AEC2C2DEABE00464AAA /* TodoItem */ = {
			isa = PBXGroup;
			children = (
				B1C8BAB12C3C12E600A04250 /* Model */,
				B1C8BAB02C3C12DA00A04250 /* ViewModel */,
				B1C8BAAF2C3C12D200A04250 /* View */,
				B1675AED2C2DFC7B00464AAA /* Extensions */,
			);
			path = TodoItem;
			sourceTree = "<group>";
		};
		B1675AED2C2DFC7B00464AAA /* Extensions */ = {
			isa = PBXGroup;
			children = (
				B1675AEE2C2DFC9300464AAA /* TodoItem+Extensions.swift */,
				E2FF9B0C2C2E99390035CD69 /* Color+Extensions.swift */,
			);
			path = Extensions;
			sourceTree = "<group>";
		};
		B18BB0012C2973BD0008F540 /* Application */ = {
			isa = PBXGroup;
			children = (
				E2DCAE1C2C218FD300264A33 /* ToDoListApp.swift */,
				E2DCAE1E2C218FD300264A33 /* ContentView.swift */,
			);
			path = Application;
			sourceTree = "<group>";
		};
		B18BB0022C2973DC0008F540 /* Services */ = {
			isa = PBXGroup;
			children = (
				E2DCAE202C218FD500264A33 /* Assets.xcassets */,
				E2DCAE472C2194ED00264A33 /* FileCache.swift */,
				B1CE75EB2C3EBBE70011CA0C /* Logger.swift */,
			);
			path = Services;
			sourceTree = "<group>";
		};
		B1C8BAA52C3C11B100A04250 /* Extensions */ = {
			isa = PBXGroup;
			children = (
				B1C8BAA92C3C122B00A04250 /* CollectionView.swift */,
				B1C8BAAB2C3C123500A04250 /* TableView.swift */,
				B1C8BAAD2C3C126D00A04250 /* TodoCalendar+Extension.swift */,
			);
			path = Extensions;
			sourceTree = "<group>";
		};
		B1C8BAA62C3C11BD00A04250 /* ViewModel */ = {
			isa = PBXGroup;
			children = (
				B1C8BAA72C3C11DA00A04250 /* TodoCalendarViewModel.swift */,
			);
			path = ViewModel;
			sourceTree = "<group>";
		};
		B1C8BAAF2C3C12D200A04250 /* View */ = {
			isa = PBXGroup;
			children = (
				B1C8BAB62C3C138100A04250 /* ColorPicker.swift */,
				B1C8BAB22C3C136900A04250 /* ImportanceField.swift */,
				B1C8BAB42C3C137500A04250 /* CategoryField.swift */,
				E24CE2512C2D4A9A00C28985 /* TodoItemView.swift */,
				B18BB03B2C2AFC470008F540 /* TodoCellView.swift */,
				B1C8BAB82C3C13A400A04250 /* DeadlineField.swift */,
				B1C8BABC2C3C1D3100A04250 /* TextField.swift */,
			);
			path = View;
			sourceTree = "<group>";
		};
		B1C8BAB02C3C12DA00A04250 /* ViewModel */ = {
			isa = PBXGroup;
			children = (
				B19757432C27FEA9000948AC /* TodoItemViewModel.swift */,
			);
			path = ViewModel;
			sourceTree = "<group>";
		};
		B1C8BAB12C3C12E600A04250 /* Model */ = {
			isa = PBXGroup;
			children = (
				E2DCAE492C21950E00264A33 /* TodoItem.swift */,
			);
			path = Model;
			sourceTree = "<group>";
		};
		B1C8BABA2C3C13EE00A04250 /* View */ = {
			isa = PBXGroup;
			children = (
				E24CE2532C2D4AE800C28985 /* TodoListView.swift */,
			);
			path = View;
			sourceTree = "<group>";
		};
		B1C8BABB2C3C13FA00A04250 /* ViewModel */ = {
			isa = PBXGroup;
			children = (
				E24CE25E2C2D66EE00C28985 /* TodoListViewModel.swift */,
			);
			path = ViewModel;
			sourceTree = "<group>";
		};
		E24CE25A2C2D4F4700C28985 /* Constants */ = {
			isa = PBXGroup;
			children = (
				E24CE25C2C2D506200C28985 /* Colors.swift */,
				E24CE2602C2D69E900C28985 /* TestingData.swift */,
				E24CE2622C2D74F700C28985 /* Images.swift */,
				E2FF9B0E2C2E9C2F0035CD69 /* TodoItemViewConstants.swift */,
				B14F84CA2C2F57C2006E2EA9 /* TodoListConstants.swift */,
			);
			path = Constants;
			sourceTree = "<group>";
		};
		E2DCAE102C218FD300264A33 = {
			isa = PBXGroup;
			children = (
				E2DCAE1B2C218FD300264A33 /* ToDoList */,
				E2DCAE2D2C218FD600264A33 /* ToDoListTests */,
				E2DCAE372C218FD600264A33 /* ToDoListUITests */,
				E2DCAE1A2C218FD300264A33 /* Products */,
				F62FA8F677320C4A4EDE64AE /* Pods */,
				68FADD7ED3D2CE0D720FB6D9 /* Frameworks */,
			);
			sourceTree = "<group>";
		};
		E2DCAE1A2C218FD300264A33 /* Products */ = {
			isa = PBXGroup;
			children = (
				E2DCAE192C218FD300264A33 /* ToDoList.app */,
				E2DCAE2A2C218FD600264A33 /* ToDoListTests.xctest */,
				E2DCAE342C218FD600264A33 /* ToDoListUITests.xctest */,
			);
			name = Products;
			sourceTree = "<group>";
		};
		E2DCAE1B2C218FD300264A33 /* ToDoList */ = {
			isa = PBXGroup;
			children = (
				B104C2FC2C387638009E120D /* TodoCalendar */,
				B1675AEC2C2DEABE00464AAA /* TodoItem */,
				B1675AEB2C2DEAB100464AAA /* TodoList */,
				E24CE25A2C2D4F4700C28985 /* Constants */,
				B18BB0012C2973BD0008F540 /* Application */,
				B18BB0022C2973DC0008F540 /* Services */,
				E2DCAE222C218FD500264A33 /* ToDoList.entitlements */,
				E2DCAE232C218FD500264A33 /* Preview Content */,
			);
			path = ToDoList;
			sourceTree = "<group>";
		};
		E2DCAE232C218FD500264A33 /* Preview Content */ = {
			isa = PBXGroup;
			children = (
				E2DCAE242C218FD500264A33 /* Preview Assets.xcassets */,
			);
			path = "Preview Content";
			sourceTree = "<group>";
		};
		E2DCAE2D2C218FD600264A33 /* ToDoListTests */ = {
			isa = PBXGroup;
			children = (
				E2DCAE2E2C218FD600264A33 /* ToDoListTests.swift */,
			);
			path = ToDoListTests;
			sourceTree = "<group>";
		};
		E2DCAE372C218FD600264A33 /* ToDoListUITests */ = {
			isa = PBXGroup;
			children = (
				E2DCAE382C218FD600264A33 /* ToDoListUITests.swift */,
				E2DCAE3A2C218FD600264A33 /* ToDoListUITestsLaunchTests.swift */,
			);
			path = ToDoListUITests;
			sourceTree = "<group>";
		};
		F62FA8F677320C4A4EDE64AE /* Pods */ = {
			isa = PBXGroup;
			children = (
				E0000F73907F6182ADC977A2 /* Pods-ToDoList.debug.xcconfig */,
				89ADC821C7C64E7EF8B7E04E /* Pods-ToDoList.release.xcconfig */,
			);
			path = Pods;
			sourceTree = "<group>";
		};
/* End PBXGroup section */

/* Begin PBXNativeTarget section */
		E2DCAE182C218FD300264A33 /* ToDoList */ = {
			isa = PBXNativeTarget;
			buildConfigurationList = E2DCAE3E2C218FD600264A33 /* Build configuration list for PBXNativeTarget "ToDoList" */;
			buildPhases = (
				0D697F18ED2768B1A7C59327 /* [CP] Check Pods Manifest.lock */,
				B1CE75F42C3ED68D0011CA0C /* SwiftLint */,
				E2DCAE152C218FD300264A33 /* Sources */,
				E2DCAE162C218FD300264A33 /* Frameworks */,
				E2DCAE172C218FD300264A33 /* Resources */,
			);
			buildRules = (
			);
			dependencies = (
			);
			name = ToDoList;
			packageProductDependencies = (
				B11CC66B2C3F093C00F2D02D /* CocoaLumberjack */,
				B11CC66D2C3F093C00F2D02D /* CocoaLumberjackSwift */,
				B11CC66F2C3F093C00F2D02D /* CocoaLumberjackSwiftLogBackend */,
			);
			productName = ToDoList;
			productReference = E2DCAE192C218FD300264A33 /* ToDoList.app */;
			productType = "com.apple.product-type.application";
		};
		E2DCAE292C218FD600264A33 /* ToDoListTests */ = {
			isa = PBXNativeTarget;
			buildConfigurationList = E2DCAE412C218FD600264A33 /* Build configuration list for PBXNativeTarget "ToDoListTests" */;
			buildPhases = (
				E2DCAE262C218FD600264A33 /* Sources */,
				E2DCAE272C218FD600264A33 /* Frameworks */,
				E2DCAE282C218FD600264A33 /* Resources */,
			);
			buildRules = (
			);
			dependencies = (
				E2DCAE2C2C218FD600264A33 /* PBXTargetDependency */,
			);
			name = ToDoListTests;
			productName = ToDoListTests;
			productReference = E2DCAE2A2C218FD600264A33 /* ToDoListTests.xctest */;
			productType = "com.apple.product-type.bundle.unit-test";
		};
		E2DCAE332C218FD600264A33 /* ToDoListUITests */ = {
			isa = PBXNativeTarget;
			buildConfigurationList = E2DCAE442C218FD600264A33 /* Build configuration list for PBXNativeTarget "ToDoListUITests" */;
			buildPhases = (
				E2DCAE302C218FD600264A33 /* Sources */,
				E2DCAE312C218FD600264A33 /* Frameworks */,
				E2DCAE322C218FD600264A33 /* Resources */,
			);
			buildRules = (
			);
			dependencies = (
				E2DCAE362C218FD600264A33 /* PBXTargetDependency */,
			);
			name = ToDoListUITests;
			productName = ToDoListUITests;
			productReference = E2DCAE342C218FD600264A33 /* ToDoListUITests.xctest */;
			productType = "com.apple.product-type.bundle.ui-testing";
		};
/* End PBXNativeTarget section */

/* Begin PBXProject section */
		E2DCAE112C218FD300264A33 /* Project object */ = {
			isa = PBXProject;
			attributes = {
				BuildIndependentTargetsInParallel = 1;
				LastSwiftUpdateCheck = 1430;
				LastUpgradeCheck = 1530;
				TargetAttributes = {
					E2DCAE182C218FD300264A33 = {
						CreatedOnToolsVersion = 14.3.1;
					};
					E2DCAE292C218FD600264A33 = {
						CreatedOnToolsVersion = 14.3.1;
						TestTargetID = E2DCAE182C218FD300264A33;
					};
					E2DCAE332C218FD600264A33 = {
						CreatedOnToolsVersion = 14.3.1;
						TestTargetID = E2DCAE182C218FD300264A33;
					};
				};
			};
			buildConfigurationList = E2DCAE142C218FD300264A33 /* Build configuration list for PBXProject "ToDoList" */;
			compatibilityVersion = "Xcode 14.0";
			developmentRegion = en;
			hasScannedForEncodings = 0;
			knownRegions = (
				en,
				Base,
			);
			mainGroup = E2DCAE102C218FD300264A33;
			packageReferences = (
				B11CC66A2C3F093C00F2D02D /* XCRemoteSwiftPackageReference "CocoaLumberjack" */,
			);
			productRefGroup = E2DCAE1A2C218FD300264A33 /* Products */;
			projectDirPath = "";
			projectRoot = "";
			targets = (
				E2DCAE182C218FD300264A33 /* ToDoList */,
				E2DCAE292C218FD600264A33 /* ToDoListTests */,
				E2DCAE332C218FD600264A33 /* ToDoListUITests */,
			);
		};
/* End PBXProject section */

/* Begin PBXResourcesBuildPhase section */
		E2DCAE172C218FD300264A33 /* Resources */ = {
			isa = PBXResourcesBuildPhase;
			buildActionMask = 2147483647;
			files = (
				E2DCAE252C218FD500264A33 /* Preview Assets.xcassets in Resources */,
				E2DCAE212C218FD500264A33 /* Assets.xcassets in Resources */,
			);
			runOnlyForDeploymentPostprocessing = 0;
		};
		E2DCAE282C218FD600264A33 /* Resources */ = {
			isa = PBXResourcesBuildPhase;
			buildActionMask = 2147483647;
			files = (
			);
			runOnlyForDeploymentPostprocessing = 0;
		};
		E2DCAE322C218FD600264A33 /* Resources */ = {
			isa = PBXResourcesBuildPhase;
			buildActionMask = 2147483647;
			files = (
			);
			runOnlyForDeploymentPostprocessing = 0;
		};
/* End PBXResourcesBuildPhase section */

/* Begin PBXShellScriptBuildPhase section */
		0D697F18ED2768B1A7C59327 /* [CP] Check Pods Manifest.lock */ = {
			isa = PBXShellScriptBuildPhase;
			buildActionMask = 2147483647;
			files = (
			);
			inputFileListPaths = (
			);
			inputPaths = (
				"${PODS_PODFILE_DIR_PATH}/Podfile.lock",
				"${PODS_ROOT}/Manifest.lock",
			);
			name = "[CP] Check Pods Manifest.lock";
			outputFileListPaths = (
			);
			outputPaths = (
				"$(DERIVED_FILE_DIR)/Pods-ToDoList-checkManifestLockResult.txt",
			);
			runOnlyForDeploymentPostprocessing = 0;
			shellPath = /bin/sh;
			shellScript = "diff \"${PODS_PODFILE_DIR_PATH}/Podfile.lock\" \"${PODS_ROOT}/Manifest.lock\" > /dev/null\nif [ $? != 0 ] ; then\n    # print error to STDERR\n    echo \"error: The sandbox is not in sync with the Podfile.lock. Run 'pod install' or update your CocoaPods installation.\" >&2\n    exit 1\nfi\n# This output is used by Xcode 'outputs' to avoid re-running this script phase.\necho \"SUCCESS\" > \"${SCRIPT_OUTPUT_FILE_0}\"\n";
			showEnvVarsInLog = 0;
		};
		B1CE75F42C3ED68D0011CA0C /* SwiftLint */ = {
			isa = PBXShellScriptBuildPhase;
			buildActionMask = 2147483647;
			files = (
			);
			inputFileListPaths = (
			);
			inputPaths = (
			);
			name = SwiftLint;
			outputFileListPaths = (
			);
			outputPaths = (
			);
			runOnlyForDeploymentPostprocessing = 0;
			shellPath = /bin/sh;
			shellScript = "# Type a script or drag a script file from your workspace to insert its path.\n\"${PODS_ROOT}/SwiftLint/swiftlint\"\n";
		};
/* End PBXShellScriptBuildPhase section */

/* Begin PBXSourcesBuildPhase section */
		E2DCAE152C218FD300264A33 /* Sources */ = {
			isa = PBXSourcesBuildPhase;
			buildActionMask = 2147483647;
			files = (
				B1CE75EC2C3EBBE70011CA0C /* Logger.swift in Sources */,
				B18BB03C2C2AFC470008F540 /* TodoCellView.swift in Sources */,
				B14F84CB2C2F57C2006E2EA9 /* TodoListConstants.swift in Sources */,
				E24CE2632C2D74F700C28985 /* Images.swift in Sources */,
				B1C8BABD2C3C1D3100A04250 /* TextField.swift in Sources */,
				E24CE25D2C2D506200C28985 /* Colors.swift in Sources */,
				B1C8BAAA2C3C122B00A04250 /* CollectionView.swift in Sources */,
				B1C8BAAE2C3C126D00A04250 /* TodoCalendar+Extension.swift in Sources */,
				E24CE2612C2D69E900C28985 /* TestingData.swift in Sources */,
				E24CE2542C2D4AE800C28985 /* TodoListView.swift in Sources */,
				E24CE25F2C2D66EE00C28985 /* TodoListViewModel.swift in Sources */,
				B1C8BAB72C3C138100A04250 /* ColorPicker.swift in Sources */,
				E2DCAE1F2C218FD300264A33 /* ContentView.swift in Sources */,
				E2DCAE482C2194ED00264A33 /* FileCache.swift in Sources */,
				B1C8BAA42C3C11A200A04250 /* CalendarWrappers.swift in Sources */,
				E24CE2522C2D4A9A00C28985 /* TodoItemView.swift in Sources */,
				B1C8BAA82C3C11DA00A04250 /* TodoCalendarViewModel.swift in Sources */,
				B1C8BAB52C3C137500A04250 /* CategoryField.swift in Sources */,
				B1C8BAAC2C3C123500A04250 /* TableView.swift in Sources */,
				E2A1632F2C37D26B002C4C69 /* CellConfigurable.swift in Sources */,
				E2DCAE4A2C21950E00264A33 /* TodoItem.swift in Sources */,
				E2FF9B0F2C2E9C2F0035CD69 /* TodoItemViewConstants.swift in Sources */,
				E2FF9B0D2C2E99390035CD69 /* Color+Extensions.swift in Sources */,
				E2F720C32C3149AF007980B8 /* TodoCalendarViewController.swift in Sources */,
				E2A163312C37D37D002C4C69 /* TodoCalendarTableViewCell.swift in Sources */,
				E2DCAE1D2C218FD300264A33 /* ToDoListApp.swift in Sources */,
				B1C8BAB32C3C136900A04250 /* ImportanceField.swift in Sources */,
				B1675AEF2C2DFC9300464AAA /* TodoItem+Extensions.swift in Sources */,
				B19757442C27FEA9000948AC /* TodoItemViewModel.swift in Sources */,
				B1C8BAB92C3C13A400A04250 /* DeadlineField.swift in Sources */,
				E2A4E4952C32BFDB005620F8 /* TodoCalendarCell.swift in Sources */,
			);
			runOnlyForDeploymentPostprocessing = 0;
		};
		E2DCAE262C218FD600264A33 /* Sources */ = {
			isa = PBXSourcesBuildPhase;
			buildActionMask = 2147483647;
			files = (
				E2DCAE2F2C218FD600264A33 /* ToDoListTests.swift in Sources */,
			);
			runOnlyForDeploymentPostprocessing = 0;
		};
		E2DCAE302C218FD600264A33 /* Sources */ = {
			isa = PBXSourcesBuildPhase;
			buildActionMask = 2147483647;
			files = (
				E2DCAE3B2C218FD600264A33 /* ToDoListUITestsLaunchTests.swift in Sources */,
				E2DCAE392C218FD600264A33 /* ToDoListUITests.swift in Sources */,
			);
			runOnlyForDeploymentPostprocessing = 0;
		};
/* End PBXSourcesBuildPhase section */

/* Begin PBXTargetDependency section */
		E2DCAE2C2C218FD600264A33 /* PBXTargetDependency */ = {
			isa = PBXTargetDependency;
			target = E2DCAE182C218FD300264A33 /* ToDoList */;
			targetProxy = E2DCAE2B2C218FD600264A33 /* PBXContainerItemProxy */;
		};
		E2DCAE362C218FD600264A33 /* PBXTargetDependency */ = {
			isa = PBXTargetDependency;
			target = E2DCAE182C218FD300264A33 /* ToDoList */;
			targetProxy = E2DCAE352C218FD600264A33 /* PBXContainerItemProxy */;
		};
/* End PBXTargetDependency section */

/* Begin XCBuildConfiguration section */
		E2DCAE3C2C218FD600264A33 /* Debug */ = {
			isa = XCBuildConfiguration;
			buildSettings = {
				ALWAYS_SEARCH_USER_PATHS = NO;
				CLANG_ANALYZER_NONNULL = YES;
				CLANG_ANALYZER_NUMBER_OBJECT_CONVERSION = YES_AGGRESSIVE;
				CLANG_CXX_LANGUAGE_STANDARD = "gnu++20";
				CLANG_ENABLE_MODULES = YES;
				CLANG_ENABLE_OBJC_ARC = YES;
				CLANG_ENABLE_OBJC_WEAK = YES;
				CLANG_WARN_BLOCK_CAPTURE_AUTORELEASING = YES;
				CLANG_WARN_BOOL_CONVERSION = YES;
				CLANG_WARN_COMMA = YES;
				CLANG_WARN_CONSTANT_CONVERSION = YES;
				CLANG_WARN_DEPRECATED_OBJC_IMPLEMENTATIONS = YES;
				CLANG_WARN_DIRECT_OBJC_ISA_USAGE = YES_ERROR;
				CLANG_WARN_DOCUMENTATION_COMMENTS = YES;
				CLANG_WARN_EMPTY_BODY = YES;
				CLANG_WARN_ENUM_CONVERSION = YES;
				CLANG_WARN_INFINITE_RECURSION = YES;
				CLANG_WARN_INT_CONVERSION = YES;
				CLANG_WARN_NON_LITERAL_NULL_CONVERSION = YES;
				CLANG_WARN_OBJC_IMPLICIT_RETAIN_SELF = YES;
				CLANG_WARN_OBJC_LITERAL_CONVERSION = YES;
				CLANG_WARN_OBJC_ROOT_CLASS = YES_ERROR;
				CLANG_WARN_QUOTED_INCLUDE_IN_FRAMEWORK_HEADER = YES;
				CLANG_WARN_RANGE_LOOP_ANALYSIS = YES;
				CLANG_WARN_STRICT_PROTOTYPES = YES;
				CLANG_WARN_SUSPICIOUS_MOVE = YES;
				CLANG_WARN_UNGUARDED_AVAILABILITY = YES_AGGRESSIVE;
				CLANG_WARN_UNREACHABLE_CODE = YES;
				CLANG_WARN__DUPLICATE_METHOD_MATCH = YES;
				COPY_PHASE_STRIP = NO;
				DEAD_CODE_STRIPPING = YES;
				DEBUG_INFORMATION_FORMAT = dwarf;
				ENABLE_STRICT_OBJC_MSGSEND = YES;
				ENABLE_TESTABILITY = YES;
				ENABLE_USER_SCRIPT_SANDBOXING = NO;
				GCC_C_LANGUAGE_STANDARD = gnu11;
				GCC_DYNAMIC_NO_PIC = NO;
				GCC_NO_COMMON_BLOCKS = YES;
				GCC_OPTIMIZATION_LEVEL = 0;
				GCC_PREPROCESSOR_DEFINITIONS = (
					"DEBUG=1",
					"$(inherited)",
				);
				GCC_WARN_64_TO_32_BIT_CONVERSION = YES;
				GCC_WARN_ABOUT_RETURN_TYPE = YES_ERROR;
				GCC_WARN_UNDECLARED_SELECTOR = YES;
				GCC_WARN_UNINITIALIZED_AUTOS = YES_AGGRESSIVE;
				GCC_WARN_UNUSED_FUNCTION = YES;
				GCC_WARN_UNUSED_VARIABLE = YES;
				IPHONEOS_DEPLOYMENT_TARGET = 17.4;
				MTL_ENABLE_DEBUG_INFO = INCLUDE_SOURCE;
				MTL_FAST_MATH = YES;
				ONLY_ACTIVE_ARCH = YES;
				SWIFT_ACTIVE_COMPILATION_CONDITIONS = DEBUG;
				SWIFT_OPTIMIZATION_LEVEL = "-Onone";
			};
			name = Debug;
		};
		E2DCAE3D2C218FD600264A33 /* Release */ = {
			isa = XCBuildConfiguration;
			buildSettings = {
				ALWAYS_SEARCH_USER_PATHS = NO;
				CLANG_ANALYZER_NONNULL = YES;
				CLANG_ANALYZER_NUMBER_OBJECT_CONVERSION = YES_AGGRESSIVE;
				CLANG_CXX_LANGUAGE_STANDARD = "gnu++20";
				CLANG_ENABLE_MODULES = YES;
				CLANG_ENABLE_OBJC_ARC = YES;
				CLANG_ENABLE_OBJC_WEAK = YES;
				CLANG_WARN_BLOCK_CAPTURE_AUTORELEASING = YES;
				CLANG_WARN_BOOL_CONVERSION = YES;
				CLANG_WARN_COMMA = YES;
				CLANG_WARN_CONSTANT_CONVERSION = YES;
				CLANG_WARN_DEPRECATED_OBJC_IMPLEMENTATIONS = YES;
				CLANG_WARN_DIRECT_OBJC_ISA_USAGE = YES_ERROR;
				CLANG_WARN_DOCUMENTATION_COMMENTS = YES;
				CLANG_WARN_EMPTY_BODY = YES;
				CLANG_WARN_ENUM_CONVERSION = YES;
				CLANG_WARN_INFINITE_RECURSION = YES;
				CLANG_WARN_INT_CONVERSION = YES;
				CLANG_WARN_NON_LITERAL_NULL_CONVERSION = YES;
				CLANG_WARN_OBJC_IMPLICIT_RETAIN_SELF = YES;
				CLANG_WARN_OBJC_LITERAL_CONVERSION = YES;
				CLANG_WARN_OBJC_ROOT_CLASS = YES_ERROR;
				CLANG_WARN_QUOTED_INCLUDE_IN_FRAMEWORK_HEADER = YES;
				CLANG_WARN_RANGE_LOOP_ANALYSIS = YES;
				CLANG_WARN_STRICT_PROTOTYPES = YES;
				CLANG_WARN_SUSPICIOUS_MOVE = YES;
				CLANG_WARN_UNGUARDED_AVAILABILITY = YES_AGGRESSIVE;
				CLANG_WARN_UNREACHABLE_CODE = YES;
				CLANG_WARN__DUPLICATE_METHOD_MATCH = YES;
				COPY_PHASE_STRIP = NO;
				DEAD_CODE_STRIPPING = YES;
				DEBUG_INFORMATION_FORMAT = "dwarf-with-dsym";
				ENABLE_NS_ASSERTIONS = NO;
				ENABLE_STRICT_OBJC_MSGSEND = YES;
				ENABLE_USER_SCRIPT_SANDBOXING = NO;
				GCC_C_LANGUAGE_STANDARD = gnu11;
				GCC_NO_COMMON_BLOCKS = YES;
				GCC_WARN_64_TO_32_BIT_CONVERSION = YES;
				GCC_WARN_ABOUT_RETURN_TYPE = YES_ERROR;
				GCC_WARN_UNDECLARED_SELECTOR = YES;
				GCC_WARN_UNINITIALIZED_AUTOS = YES_AGGRESSIVE;
				GCC_WARN_UNUSED_FUNCTION = YES;
				GCC_WARN_UNUSED_VARIABLE = YES;
				IPHONEOS_DEPLOYMENT_TARGET = 17.4;
				MTL_ENABLE_DEBUG_INFO = NO;
				MTL_FAST_MATH = YES;
				SWIFT_COMPILATION_MODE = wholemodule;
				SWIFT_OPTIMIZATION_LEVEL = "-O";
			};
			name = Release;
		};
		E2DCAE3F2C218FD600264A33 /* Debug */ = {
			isa = XCBuildConfiguration;
			baseConfigurationReference = E0000F73907F6182ADC977A2 /* Pods-ToDoList.debug.xcconfig */;
			buildSettings = {
				ASSETCATALOG_COMPILER_APPICON_NAME = AppIcon;
				ASSETCATALOG_COMPILER_GLOBAL_ACCENT_COLOR_NAME = AccentColor;
				CODE_SIGN_ENTITLEMENTS = ToDoList/ToDoList.entitlements;
				"CODE_SIGN_IDENTITY[sdk=macosx*]" = "-";
				CODE_SIGN_STYLE = Automatic;
				CURRENT_PROJECT_VERSION = 1;
				DEAD_CODE_STRIPPING = YES;
				DEVELOPMENT_ASSET_PATHS = "\"ToDoList/Preview Content\"";
				ENABLE_PREVIEWS = YES;
				GENERATE_INFOPLIST_FILE = YES;
				"INFOPLIST_KEY_UIApplicationSceneManifest_Generation[sdk=iphoneos*]" = YES;
				"INFOPLIST_KEY_UIApplicationSceneManifest_Generation[sdk=iphonesimulator*]" = YES;
				"INFOPLIST_KEY_UIApplicationSupportsIndirectInputEvents[sdk=iphoneos*]" = YES;
				"INFOPLIST_KEY_UIApplicationSupportsIndirectInputEvents[sdk=iphonesimulator*]" = YES;
				"INFOPLIST_KEY_UILaunchScreen_Generation[sdk=iphoneos*]" = YES;
				"INFOPLIST_KEY_UILaunchScreen_Generation[sdk=iphonesimulator*]" = YES;
				"INFOPLIST_KEY_UIStatusBarStyle[sdk=iphoneos*]" = UIStatusBarStyleDefault;
				"INFOPLIST_KEY_UIStatusBarStyle[sdk=iphonesimulator*]" = UIStatusBarStyleDefault;
				INFOPLIST_KEY_UISupportedInterfaceOrientations_iPad = "UIInterfaceOrientationPortrait UIInterfaceOrientationPortraitUpsideDown UIInterfaceOrientationLandscapeLeft UIInterfaceOrientationLandscapeRight";
				INFOPLIST_KEY_UISupportedInterfaceOrientations_iPhone = "UIInterfaceOrientationPortrait UIInterfaceOrientationLandscapeLeft UIInterfaceOrientationLandscapeRight";
				IPHONEOS_DEPLOYMENT_TARGET = 16.4;
				LD_RUNPATH_SEARCH_PATHS = "@executable_path/Frameworks";
				"LD_RUNPATH_SEARCH_PATHS[sdk=macosx*]" = "@executable_path/../Frameworks";
				MACOSX_DEPLOYMENT_TARGET = 13.3;
				MARKETING_VERSION = 1.0;
				PRODUCT_BUNDLE_IDENTIFIER = albunistr.ToDoList;
				PRODUCT_NAME = "$(TARGET_NAME)";
				SDKROOT = auto;
				SUPPORTED_PLATFORMS = "iphoneos iphonesimulator macosx";
				SWIFT_EMIT_LOC_STRINGS = YES;
				SWIFT_VERSION = 5.0;
				TARGETED_DEVICE_FAMILY = "1,2";
			};
			name = Debug;
		};
		E2DCAE402C218FD600264A33 /* Release */ = {
			isa = XCBuildConfiguration;
			baseConfigurationReference = 89ADC821C7C64E7EF8B7E04E /* Pods-ToDoList.release.xcconfig */;
			buildSettings = {
				ASSETCATALOG_COMPILER_APPICON_NAME = AppIcon;
				ASSETCATALOG_COMPILER_GLOBAL_ACCENT_COLOR_NAME = AccentColor;
				CODE_SIGN_ENTITLEMENTS = ToDoList/ToDoList.entitlements;
				"CODE_SIGN_IDENTITY[sdk=macosx*]" = "-";
				CODE_SIGN_STYLE = Automatic;
				CURRENT_PROJECT_VERSION = 1;
				DEAD_CODE_STRIPPING = YES;
				DEVELOPMENT_ASSET_PATHS = "\"ToDoList/Preview Content\"";
				ENABLE_PREVIEWS = YES;
				GENERATE_INFOPLIST_FILE = YES;
				"INFOPLIST_KEY_UIApplicationSceneManifest_Generation[sdk=iphoneos*]" = YES;
				"INFOPLIST_KEY_UIApplicationSceneManifest_Generation[sdk=iphonesimulator*]" = YES;
				"INFOPLIST_KEY_UIApplicationSupportsIndirectInputEvents[sdk=iphoneos*]" = YES;
				"INFOPLIST_KEY_UIApplicationSupportsIndirectInputEvents[sdk=iphonesimulator*]" = YES;
				"INFOPLIST_KEY_UILaunchScreen_Generation[sdk=iphoneos*]" = YES;
				"INFOPLIST_KEY_UILaunchScreen_Generation[sdk=iphonesimulator*]" = YES;
				"INFOPLIST_KEY_UIStatusBarStyle[sdk=iphoneos*]" = UIStatusBarStyleDefault;
				"INFOPLIST_KEY_UIStatusBarStyle[sdk=iphonesimulator*]" = UIStatusBarStyleDefault;
				INFOPLIST_KEY_UISupportedInterfaceOrientations_iPad = "UIInterfaceOrientationPortrait UIInterfaceOrientationPortraitUpsideDown UIInterfaceOrientationLandscapeLeft UIInterfaceOrientationLandscapeRight";
				INFOPLIST_KEY_UISupportedInterfaceOrientations_iPhone = "UIInterfaceOrientationPortrait UIInterfaceOrientationLandscapeLeft UIInterfaceOrientationLandscapeRight";
				IPHONEOS_DEPLOYMENT_TARGET = 16.4;
				LD_RUNPATH_SEARCH_PATHS = "@executable_path/Frameworks";
				"LD_RUNPATH_SEARCH_PATHS[sdk=macosx*]" = "@executable_path/../Frameworks";
				MACOSX_DEPLOYMENT_TARGET = 13.3;
				MARKETING_VERSION = 1.0;
				PRODUCT_BUNDLE_IDENTIFIER = albunistr.ToDoList;
				PRODUCT_NAME = "$(TARGET_NAME)";
				SDKROOT = auto;
				SUPPORTED_PLATFORMS = "iphoneos iphonesimulator macosx";
				SWIFT_EMIT_LOC_STRINGS = YES;
				SWIFT_VERSION = 5.0;
				TARGETED_DEVICE_FAMILY = "1,2";
			};
			name = Release;
		};
		E2DCAE422C218FD600264A33 /* Debug */ = {
			isa = XCBuildConfiguration;
			buildSettings = {
				ALWAYS_EMBED_SWIFT_STANDARD_LIBRARIES = YES;
				BUNDLE_LOADER = "$(TEST_HOST)";
				CODE_SIGN_STYLE = Automatic;
				CURRENT_PROJECT_VERSION = 1;
				DEAD_CODE_STRIPPING = YES;
				GENERATE_INFOPLIST_FILE = YES;
				IPHONEOS_DEPLOYMENT_TARGET = 16.4;
				MACOSX_DEPLOYMENT_TARGET = 13.3;
				MARKETING_VERSION = 1.0;
				PRODUCT_BUNDLE_IDENTIFIER = albunistr.ToDoListTests;
				PRODUCT_NAME = "$(TARGET_NAME)";
				SDKROOT = auto;
				SUPPORTED_PLATFORMS = "iphoneos iphonesimulator macosx";
				SWIFT_EMIT_LOC_STRINGS = NO;
				SWIFT_VERSION = 5.0;
				TARGETED_DEVICE_FAMILY = "1,2";
				TEST_HOST = "$(BUILT_PRODUCTS_DIR)/ToDoList.app/$(BUNDLE_EXECUTABLE_FOLDER_PATH)/ToDoList";
			};
			name = Debug;
		};
		E2DCAE432C218FD600264A33 /* Release */ = {
			isa = XCBuildConfiguration;
			buildSettings = {
				ALWAYS_EMBED_SWIFT_STANDARD_LIBRARIES = YES;
				BUNDLE_LOADER = "$(TEST_HOST)";
				CODE_SIGN_STYLE = Automatic;
				CURRENT_PROJECT_VERSION = 1;
				DEAD_CODE_STRIPPING = YES;
				GENERATE_INFOPLIST_FILE = YES;
				IPHONEOS_DEPLOYMENT_TARGET = 16.4;
				MACOSX_DEPLOYMENT_TARGET = 13.3;
				MARKETING_VERSION = 1.0;
				PRODUCT_BUNDLE_IDENTIFIER = albunistr.ToDoListTests;
				PRODUCT_NAME = "$(TARGET_NAME)";
				SDKROOT = auto;
				SUPPORTED_PLATFORMS = "iphoneos iphonesimulator macosx";
				SWIFT_EMIT_LOC_STRINGS = NO;
				SWIFT_VERSION = 5.0;
				TARGETED_DEVICE_FAMILY = "1,2";
				TEST_HOST = "$(BUILT_PRODUCTS_DIR)/ToDoList.app/$(BUNDLE_EXECUTABLE_FOLDER_PATH)/ToDoList";
			};
			name = Release;
		};
		E2DCAE452C218FD600264A33 /* Debug */ = {
			isa = XCBuildConfiguration;
			buildSettings = {
				ALWAYS_EMBED_SWIFT_STANDARD_LIBRARIES = YES;
				CODE_SIGN_STYLE = Automatic;
				CURRENT_PROJECT_VERSION = 1;
				DEAD_CODE_STRIPPING = YES;
				GENERATE_INFOPLIST_FILE = YES;
				IPHONEOS_DEPLOYMENT_TARGET = 16.4;
				MACOSX_DEPLOYMENT_TARGET = 13.3;
				MARKETING_VERSION = 1.0;
				PRODUCT_BUNDLE_IDENTIFIER = albunistr.ToDoListUITests;
				PRODUCT_NAME = "$(TARGET_NAME)";
				SDKROOT = auto;
				SUPPORTED_PLATFORMS = "iphoneos iphonesimulator macosx";
				SWIFT_EMIT_LOC_STRINGS = NO;
				SWIFT_VERSION = 5.0;
				TARGETED_DEVICE_FAMILY = "1,2";
				TEST_TARGET_NAME = ToDoList;
			};
			name = Debug;
		};
		E2DCAE462C218FD600264A33 /* Release */ = {
			isa = XCBuildConfiguration;
			buildSettings = {
				ALWAYS_EMBED_SWIFT_STANDARD_LIBRARIES = YES;
				CODE_SIGN_STYLE = Automatic;
				CURRENT_PROJECT_VERSION = 1;
				DEAD_CODE_STRIPPING = YES;
				GENERATE_INFOPLIST_FILE = YES;
				IPHONEOS_DEPLOYMENT_TARGET = 16.4;
				MACOSX_DEPLOYMENT_TARGET = 13.3;
				MARKETING_VERSION = 1.0;
				PRODUCT_BUNDLE_IDENTIFIER = albunistr.ToDoListUITests;
				PRODUCT_NAME = "$(TARGET_NAME)";
				SDKROOT = auto;
				SUPPORTED_PLATFORMS = "iphoneos iphonesimulator macosx";
				SWIFT_EMIT_LOC_STRINGS = NO;
				SWIFT_VERSION = 5.0;
				TARGETED_DEVICE_FAMILY = "1,2";
				TEST_TARGET_NAME = ToDoList;
			};
			name = Release;
		};
/* End XCBuildConfiguration section */

/* Begin XCConfigurationList section */
		E2DCAE142C218FD300264A33 /* Build configuration list for PBXProject "ToDoList" */ = {
			isa = XCConfigurationList;
			buildConfigurations = (
				E2DCAE3C2C218FD600264A33 /* Debug */,
				E2DCAE3D2C218FD600264A33 /* Release */,
			);
			defaultConfigurationIsVisible = 0;
			defaultConfigurationName = Release;
		};
		E2DCAE3E2C218FD600264A33 /* Build configuration list for PBXNativeTarget "ToDoList" */ = {
			isa = XCConfigurationList;
			buildConfigurations = (
				E2DCAE3F2C218FD600264A33 /* Debug */,
				E2DCAE402C218FD600264A33 /* Release */,
			);
			defaultConfigurationIsVisible = 0;
			defaultConfigurationName = Release;
		};
		E2DCAE412C218FD600264A33 /* Build configuration list for PBXNativeTarget "ToDoListTests" */ = {
			isa = XCConfigurationList;
			buildConfigurations = (
				E2DCAE422C218FD600264A33 /* Debug */,
				E2DCAE432C218FD600264A33 /* Release */,
			);
			defaultConfigurationIsVisible = 0;
			defaultConfigurationName = Release;
		};
		E2DCAE442C218FD600264A33 /* Build configuration list for PBXNativeTarget "ToDoListUITests" */ = {
			isa = XCConfigurationList;
			buildConfigurations = (
				E2DCAE452C218FD600264A33 /* Debug */,
				E2DCAE462C218FD600264A33 /* Release */,
			);
			defaultConfigurationIsVisible = 0;
			defaultConfigurationName = Release;
		};
/* End XCConfigurationList section */

/* Begin XCRemoteSwiftPackageReference section */
		B11CC66A2C3F093C00F2D02D /* XCRemoteSwiftPackageReference "CocoaLumberjack" */ = {
			isa = XCRemoteSwiftPackageReference;
			repositoryURL = "https://github.com/CocoaLumberjack/CocoaLumberjack";
			requirement = {
				kind = upToNextMajorVersion;
				minimumVersion = 3.8.5;
			};
		};
/* End XCRemoteSwiftPackageReference section */

/* Begin XCSwiftPackageProductDependency section */
		B11CC66B2C3F093C00F2D02D /* CocoaLumberjack */ = {
			isa = XCSwiftPackageProductDependency;
			package = B11CC66A2C3F093C00F2D02D /* XCRemoteSwiftPackageReference "CocoaLumberjack" */;
			productName = CocoaLumberjack;
		};
		B11CC66D2C3F093C00F2D02D /* CocoaLumberjackSwift */ = {
			isa = XCSwiftPackageProductDependency;
			package = B11CC66A2C3F093C00F2D02D /* XCRemoteSwiftPackageReference "CocoaLumberjack" */;
			productName = CocoaLumberjackSwift;
		};
		B11CC66F2C3F093C00F2D02D /* CocoaLumberjackSwiftLogBackend */ = {
			isa = XCSwiftPackageProductDependency;
			package = B11CC66A2C3F093C00F2D02D /* XCRemoteSwiftPackageReference "CocoaLumberjack" */;
			productName = CocoaLumberjackSwiftLogBackend;
		};
/* End XCSwiftPackageProductDependency section */
	};
	rootObject = E2DCAE112C218FD300264A33 /* Project object */;
}
